
Microsoft Visual Studio Solution File, Format Version 12.00
# Visual Studio Version 17
VisualStudioVersion = 17.5.002.0
MinimumVisualStudioVersion = 10.0.40219.1
Project("{9A19103F-16F7-4668-BE54-9A1E7A4F7556}") = "Abstract", "Abstract.csproj", "{EFDECB7F-AF2D-4B5D-986F-A8EA994E1013}"
EndProject
Global
	GlobalSection(SolutionConfigurationPlatforms) = preSolution
		Debug|Any CPU = Debug|Any CPU
		Release|Any CPU = Release|Any CPU
	EndGlobalSection
	GlobalSection(ProjectConfigurationPlatforms) = postSolution
		{EFDECB7F-AF2D-4B5D-986F-A8EA994E1013}.Debug|Any CPU.ActiveCfg = Debug|Any CPU
		{EFDECB7F-AF2D-4B5D-986F-A8EA994E1013}.Debug|Any CPU.Build.0 = Debug|Any CPU
		{EFDECB7F-AF2D-4B5D-986F-A8EA994E1013}.Release|Any CPU.ActiveCfg = Release|Any CPU
		{EFDECB7F-AF2D-4B5D-986F-A8EA994E1013}.Release|Any CPU.Build.0 = Release|Any CPU
	EndGlobalSection
	GlobalSection(SolutionProperties) = preSolution
		HideSolutionNode = FALSE
	EndGlobalSection
	GlobalSection(ExtensibilityGlobals) = postSolution
		SolutionGuid = {F49E49E1-EF8D-42BB-A4FB-E381800A70ED}
	EndGlobalSection
EndGlobal
